
Microsoft Visual Studio Solution File, Format Version 12.00
# Visual Studio 15
VisualStudioVersion = 15.0.27703.2035
MinimumVisualStudioVersion = 10.0.40219.1
Project("{E24C65DC-7377-472B-9ABA-BC803B73C61A}") = "ThisTimeForSure", "ThisTimeForSure\", "{B0EDF7EB-800B-4991-9F6D-CB61CB209451}"
	ProjectSection(WebsiteProperties) = preProject
		TargetFrameworkMoniker = ".NETFramework,Version%3Dv4.6.1"
		Debug.AspNetCompiler.VirtualPath = "/localhost_1243"
		Debug.AspNetCompiler.PhysicalPath = "ThisTimeForSure\"
		Debug.AspNetCompiler.TargetPath = "PrecompiledWeb\localhost_1243\"
		Debug.AspNetCompiler.Updateable = "true"
		Debug.AspNetCompiler.ForceOverwrite = "true"
		Debug.AspNetCompiler.FixedNames = "false"
		Debug.AspNetCompiler.Debug = "True"
		Release.AspNetCompiler.VirtualPath = "/localhost_1243"
		Release.AspNetCompiler.PhysicalPath = "ThisTimeForSure\"
		Release.AspNetCompiler.TargetPath = "PrecompiledWeb\localhost_1243\"
		Release.AspNetCompiler.Updateable = "true"
		Release.AspNetCompiler.ForceOverwrite = "true"
		Release.AspNetCompiler.FixedNames = "false"
		Release.AspNetCompiler.Debug = "False"
		VWDPort = "1243"
		SlnRelativePath = "ThisTimeForSure\"
		DefaultWebSiteLanguage = "Visual C#"
	EndProjectSection
EndProject
Global
	GlobalSection(SolutionConfigurationPlatforms) = preSolution
		Debug|Any CPU = Debug|Any CPU
	EndGlobalSection
	GlobalSection(ProjectConfigurationPlatforms) = postSolution
		{B0EDF7EB-800B-4991-9F6D-CB61CB209451}.Debug|Any CPU.ActiveCfg = Debug|Any CPU
		{B0EDF7EB-800B-4991-9F6D-CB61CB209451}.Debug|Any CPU.Build.0 = Debug|Any CPU
	EndGlobalSection
	GlobalSection(SolutionProperties) = preSolution
		HideSolutionNode = FALSE
	EndGlobalSection
	GlobalSection(ExtensibilityGlobals) = postSolution
		SolutionGuid = {51D58E6B-D8A7-4017-805A-3F61388E7FE3}
	EndGlobalSection
EndGlobal
